
Microsoft Visual Studio Solution File, Format Version 12.00
# Visual Studio Version 17
VisualStudioVersion = 17.11.35219.272
MinimumVisualStudioVersion = 10.0.40219.1
Project("{8BC9CEB8-8B4A-11D0-8D11-00A0C91BC942}") = "лаба 17 доп 1(12 вариант)", "лаба 17 доп 1(12 вариант).vcxproj", "{E79FB2E8-F029-478E-8D70-CE18A0B13EC8}"
EndProject
Global
	GlobalSection(SolutionConfigurationPlatforms) = preSolution
		Debug|x64 = Debug|x64
		Debug|x86 = Debug|x86
		Release|x64 = Release|x64
		Release|x86 = Release|x86
	EndGlobalSection
	GlobalSection(ProjectConfigurationPlatforms) = postSolution
		{E79FB2E8-F029-478E-8D70-CE18A0B13EC8}.Debug|x64.ActiveCfg = Debug|x64
		{E79FB2E8-F029-478E-8D70-CE18A0B13EC8}.Debug|x64.Build.0 = Debug|x64
		{E79FB2E8-F029-478E-8D70-CE18A0B13EC8}.Debug|x86.ActiveCfg = Debug|Win32
		{E79FB2E8-F029-478E-8D70-CE18A0B13EC8}.Debug|x86.Build.0 = Debug|Win32
		{E79FB2E8-F029-478E-8D70-CE18A0B13EC8}.Release|x64.ActiveCfg = Release|x64
		{E79FB2E8-F029-478E-8D70-CE18A0B13EC8}.Release|x64.Build.0 = Release|x64
		{E79FB2E8-F029-478E-8D70-CE18A0B13EC8}.Release|x86.ActiveCfg = Release|Win32
		{E79FB2E8-F029-478E-8D70-CE18A0B13EC8}.Release|x86.Build.0 = Release|Win32
	EndGlobalSection
	GlobalSection(SolutionProperties) = preSolution
		HideSolutionNode = FALSE
	EndGlobalSection
	GlobalSection(ExtensibilityGlobals) = postSolution
		SolutionGuid = {9F3E8576-1A21-4649-A970-D339BB3DC33E}
	EndGlobalSection
EndGlobal
