
Microsoft Visual Studio Solution File, Format Version 12.00
# Visual Studio Version 17
VisualStudioVersion = 17.11.35219.272
MinimumVisualStudioVersion = 10.0.40219.1
Project("{8BC9CEB8-8B4A-11D0-8D11-00A0C91BC942}") = "2 задание", "2 задание.vcxproj", "{4173DC47-7919-4EB0-8A1E-CDA3CC777C85}"
EndProject
Global
	GlobalSection(SolutionConfigurationPlatforms) = preSolution
		Debug|x64 = Debug|x64
		Debug|x86 = Debug|x86
		Release|x64 = Release|x64
		Release|x86 = Release|x86
	EndGlobalSection
	GlobalSection(ProjectConfigurationPlatforms) = postSolution
		{4173DC47-7919-4EB0-8A1E-CDA3CC777C85}.Debug|x64.ActiveCfg = Debug|x64
		{4173DC47-7919-4EB0-8A1E-CDA3CC777C85}.Debug|x64.Build.0 = Debug|x64
		{4173DC47-7919-4EB0-8A1E-CDA3CC777C85}.Debug|x86.ActiveCfg = Debug|Win32
		{4173DC47-7919-4EB0-8A1E-CDA3CC777C85}.Debug|x86.Build.0 = Debug|Win32
		{4173DC47-7919-4EB0-8A1E-CDA3CC777C85}.Release|x64.ActiveCfg = Release|x64
		{4173DC47-7919-4EB0-8A1E-CDA3CC777C85}.Release|x64.Build.0 = Release|x64
		{4173DC47-7919-4EB0-8A1E-CDA3CC777C85}.Release|x86.ActiveCfg = Release|Win32
		{4173DC47-7919-4EB0-8A1E-CDA3CC777C85}.Release|x86.Build.0 = Release|Win32
	EndGlobalSection
	GlobalSection(SolutionProperties) = preSolution
		HideSolutionNode = FALSE
	EndGlobalSection
	GlobalSection(ExtensibilityGlobals) = postSolution
		SolutionGuid = {81C2D4D3-9297-41C3-81EB-27E7FBBEDD34}
	EndGlobalSection
EndGlobal
