
Microsoft Visual Studio Solution File, Format Version 12.00
# Visual Studio Version 17
VisualStudioVersion = 17.11.35219.272
MinimumVisualStudioVersion = 10.0.40219.1
Project("{8BC9CEB8-8B4A-11D0-8D11-00A0C91BC942}") = "лаба 17(2)", "лаба 17(2).vcxproj", "{BB6CEC9B-9D13-40B4-8D02-05E0E02104A5}"
EndProject
Global
	GlobalSection(SolutionConfigurationPlatforms) = preSolution
		Debug|x64 = Debug|x64
		Debug|x86 = Debug|x86
		Release|x64 = Release|x64
		Release|x86 = Release|x86
	EndGlobalSection
	GlobalSection(ProjectConfigurationPlatforms) = postSolution
		{BB6CEC9B-9D13-40B4-8D02-05E0E02104A5}.Debug|x64.ActiveCfg = Debug|x64
		{BB6CEC9B-9D13-40B4-8D02-05E0E02104A5}.Debug|x64.Build.0 = Debug|x64
		{BB6CEC9B-9D13-40B4-8D02-05E0E02104A5}.Debug|x86.ActiveCfg = Debug|Win32
		{BB6CEC9B-9D13-40B4-8D02-05E0E02104A5}.Debug|x86.Build.0 = Debug|Win32
		{BB6CEC9B-9D13-40B4-8D02-05E0E02104A5}.Release|x64.ActiveCfg = Release|x64
		{BB6CEC9B-9D13-40B4-8D02-05E0E02104A5}.Release|x64.Build.0 = Release|x64
		{BB6CEC9B-9D13-40B4-8D02-05E0E02104A5}.Release|x86.ActiveCfg = Release|Win32
		{BB6CEC9B-9D13-40B4-8D02-05E0E02104A5}.Release|x86.Build.0 = Release|Win32
	EndGlobalSection
	GlobalSection(SolutionProperties) = preSolution
		HideSolutionNode = FALSE
	EndGlobalSection
	GlobalSection(ExtensibilityGlobals) = postSolution
		SolutionGuid = {C16518DE-D6F7-4616-8F37-906222CE69E9}
	EndGlobalSection
EndGlobal
